
Microsoft Visual Studio Solution File, Format Version 12.00
# Visual Studio 2013
VisualStudioVersion = 12.0.40629.0
MinimumVisualStudioVersion = 10.0.40219.1
Project("{FAE04EC0-301F-11D3-BF4B-00C04F79EFBC}") = "SearchLighterNET", "SearchLighterNET\SearchLighterNET.csproj", "{D815DC74-DD2F-4482-AAE4-D21EB36E122F}"
EndProject
Project("{FAE04EC0-301F-11D3-BF4B-00C04F79EFBC}") = "SearchLighterNetTests", "SearchLighterNetTests\SearchLighterNetTests.csproj", "{EAE290E9-01A0-4C45-B347-550580FB1220}"
EndProject
Global
	GlobalSection(SolutionConfigurationPlatforms) = preSolution
		Debug|Any CPU = Debug|Any CPU
		Release|Any CPU = Release|Any CPU
	EndGlobalSection
	GlobalSection(ProjectConfigurationPlatforms) = postSolution
		{D815DC74-DD2F-4482-AAE4-D21EB36E122F}.Debug|Any CPU.ActiveCfg = Debug|Any CPU
		{D815DC74-DD2F-4482-AAE4-D21EB36E122F}.Debug|Any CPU.Build.0 = Debug|Any CPU
		{D815DC74-DD2F-4482-AAE4-D21EB36E122F}.Release|Any CPU.ActiveCfg = Release|Any CPU
		{D815DC74-DD2F-4482-AAE4-D21EB36E122F}.Release|Any CPU.Build.0 = Release|Any CPU
		{EAE290E9-01A0-4C45-B347-550580FB1220}.Debug|Any CPU.ActiveCfg = Debug|Any CPU
		{EAE290E9-01A0-4C45-B347-550580FB1220}.Debug|Any CPU.Build.0 = Debug|Any CPU
		{EAE290E9-01A0-4C45-B347-550580FB1220}.Release|Any CPU.ActiveCfg = Release|Any CPU
		{EAE290E9-01A0-4C45-B347-550580FB1220}.Release|Any CPU.Build.0 = Release|Any CPU
	EndGlobalSection
	GlobalSection(SolutionProperties) = preSolution
		HideSolutionNode = FALSE
	EndGlobalSection
EndGlobal
